
Microsoft Visual Studio Solution File, Format Version 12.00
# Visual Studio Version 17
VisualStudioVersion = 17.6.33815.320
MinimumVisualStudioVersion = 10.0.40219.1
Project("{FAE04EC0-301F-11D3-BF4B-00C04F79EFBC}") = "Szorzótábla", "Szorzótábla\Szorzótábla.csproj", "{D62D0382-5A86-4BF3-A501-11EDEF6866AE}"
EndProject
Project("{FAE04EC0-301F-11D3-BF4B-00C04F79EFBC}") = "Fibonacci", "Fibonacci\Fibonacci.csproj", "{1D337F87-1969-44DC-AA52-217E35AF793D}"
EndProject
Project("{FAE04EC0-301F-11D3-BF4B-00C04F79EFBC}") = "Pascal", "Pascal\Pascal.csproj", "{C9A75EDF-8DEB-46C6-86FE-D2832F3820E4}"
EndProject
Global
	GlobalSection(SolutionConfigurationPlatforms) = preSolution
		Debug|Any CPU = Debug|Any CPU
		Release|Any CPU = Release|Any CPU
	EndGlobalSection
	GlobalSection(ProjectConfigurationPlatforms) = postSolution
		{D62D0382-5A86-4BF3-A501-11EDEF6866AE}.Debug|Any CPU.ActiveCfg = Debug|Any CPU
		{D62D0382-5A86-4BF3-A501-11EDEF6866AE}.Debug|Any CPU.Build.0 = Debug|Any CPU
		{D62D0382-5A86-4BF3-A501-11EDEF6866AE}.Release|Any CPU.ActiveCfg = Release|Any CPU
		{D62D0382-5A86-4BF3-A501-11EDEF6866AE}.Release|Any CPU.Build.0 = Release|Any CPU
		{1D337F87-1969-44DC-AA52-217E35AF793D}.Debug|Any CPU.ActiveCfg = Debug|Any CPU
		{1D337F87-1969-44DC-AA52-217E35AF793D}.Debug|Any CPU.Build.0 = Debug|Any CPU
		{1D337F87-1969-44DC-AA52-217E35AF793D}.Release|Any CPU.ActiveCfg = Release|Any CPU
		{1D337F87-1969-44DC-AA52-217E35AF793D}.Release|Any CPU.Build.0 = Release|Any CPU
		{C9A75EDF-8DEB-46C6-86FE-D2832F3820E4}.Debug|Any CPU.ActiveCfg = Debug|Any CPU
		{C9A75EDF-8DEB-46C6-86FE-D2832F3820E4}.Debug|Any CPU.Build.0 = Debug|Any CPU
		{C9A75EDF-8DEB-46C6-86FE-D2832F3820E4}.Release|Any CPU.ActiveCfg = Release|Any CPU
		{C9A75EDF-8DEB-46C6-86FE-D2832F3820E4}.Release|Any CPU.Build.0 = Release|Any CPU
	EndGlobalSection
	GlobalSection(SolutionProperties) = preSolution
		HideSolutionNode = FALSE
	EndGlobalSection
	GlobalSection(ExtensibilityGlobals) = postSolution
		SolutionGuid = {EF866B77-247B-44E1-A469-30FC56A962D3}
	EndGlobalSection
EndGlobal
